
Microsoft Visual Studio Solution File, Format Version 12.00
# Visual Studio 2012
Project("{FAE04EC0-301F-11D3-BF4B-00C04F79EFBC}") = "WS_checklist", "WS_checklist\WS_checklist.csproj", "{1340E3E0-D54C-4543-9BC9-7AE95536AD53}"
EndProject
Project("{FAE04EC0-301F-11D3-BF4B-00C04F79EFBC}") = "WS_checklist.Tests", "WS_checklist.Tests\WS_checklist.Tests.csproj", "{59B6BA79-D43D-41D4-9757-E44832D6CF97}"
EndProject
Global
	GlobalSection(SolutionConfigurationPlatforms) = preSolution
		Debug|Any CPU = Debug|Any CPU
		Release|Any CPU = Release|Any CPU
	EndGlobalSection
	GlobalSection(ProjectConfigurationPlatforms) = postSolution
		{1340E3E0-D54C-4543-9BC9-7AE95536AD53}.Debug|Any CPU.ActiveCfg = Debug|Any CPU
		{1340E3E0-D54C-4543-9BC9-7AE95536AD53}.Debug|Any CPU.Build.0 = Debug|Any CPU
		{1340E3E0-D54C-4543-9BC9-7AE95536AD53}.Release|Any CPU.ActiveCfg = Release|Any CPU
		{1340E3E0-D54C-4543-9BC9-7AE95536AD53}.Release|Any CPU.Build.0 = Release|Any CPU
		{59B6BA79-D43D-41D4-9757-E44832D6CF97}.Debug|Any CPU.ActiveCfg = Debug|Any CPU
		{59B6BA79-D43D-41D4-9757-E44832D6CF97}.Debug|Any CPU.Build.0 = Debug|Any CPU
		{59B6BA79-D43D-41D4-9757-E44832D6CF97}.Release|Any CPU.ActiveCfg = Release|Any CPU
		{59B6BA79-D43D-41D4-9757-E44832D6CF97}.Release|Any CPU.Build.0 = Release|Any CPU
	EndGlobalSection
	GlobalSection(SolutionProperties) = preSolution
		HideSolutionNode = FALSE
	EndGlobalSection
EndGlobal
